
Microsoft Visual Studio Solution File, Format Version 12.00
# Visual Studio Version 16
VisualStudioVersion = 16.0.29418.71
MinimumVisualStudioVersion = 10.0.40219.1
Project("{FAE04EC0-301F-11D3-BF4B-00C04F79EFBC}") = "SampleWebSite", "SampleWebSite\SampleWebSite.csproj", "{389F0B8B-C821-4997-ACD1-B8AA9F251D2B}"
EndProject
Global
	GlobalSection(SolutionConfigurationPlatforms) = preSolution
		Debug|Any CPU = Debug|Any CPU
		Release|Any CPU = Release|Any CPU
	EndGlobalSection
	GlobalSection(ProjectConfigurationPlatforms) = postSolution
		{389F0B8B-C821-4997-ACD1-B8AA9F251D2B}.Debug|Any CPU.ActiveCfg = Debug|Any CPU
		{389F0B8B-C821-4997-ACD1-B8AA9F251D2B}.Debug|Any CPU.Build.0 = Debug|Any CPU
		{389F0B8B-C821-4997-ACD1-B8AA9F251D2B}.Release|Any CPU.ActiveCfg = Release|Any CPU
		{389F0B8B-C821-4997-ACD1-B8AA9F251D2B}.Release|Any CPU.Build.0 = Release|Any CPU
	EndGlobalSection
	GlobalSection(SolutionProperties) = preSolution
		HideSolutionNode = FALSE
	EndGlobalSection
	GlobalSection(ExtensibilityGlobals) = postSolution
		SolutionGuid = {635505F1-FD8F-4100-A4D7-D11C893BAB8A}
	EndGlobalSection
EndGlobal
